// !$*UTF8*$!
{
	archiveVersion = 1;
	classes = {
	};
	objectVersion = 77;
	objects = {

/* Begin PBXBuildFile section */
		3AA31DB62D79B3DC0036D3D7 /* README.md in Resources */ = {isa = PBXBuildFile; fileRef = 3AA31DB52D79B3DA0036D3D7 /* README.md */; };
		3AA31DB72D79B3DD0036D3D8 /* console-bridge.js in Resources */ = {isa = PBXBuildFile; fileRef = 3AA31DB62D79B3DB0036D3D8 /* console-bridge.js */; };
		3AA31DB82D79B3DE0036D3D9 /* geolocation-bridge.js in Resources */ = {isa = PBXBuildFile; fileRef = 3AA31DB72D79B3DC0036D3D9 /* geolocation-bridge.js */; };
		3AB5A0E42E65F7920050ED63 /* SwiftProtobuf in Frameworks */ = {isa = PBXBuildFile; productRef = 3AB5A0E32E65F7920050ED63 /* SwiftProtobuf */; };
		3AD10AF72D7F4BAB00EC9A07 /* WidgetKit.framework in Frameworks */ = {isa = PBXBuildFile; fileRef = 3AD10ABC2D7F482A00EC9A07 /* WidgetKit.framework */; };
		3AD10AF82D7F4BAB00EC9A07 /* SwiftUI.framework in Frameworks */ = {isa = PBXBuildFile; fileRef = 3AD10ABE2D7F482A00EC9A07 /* SwiftUI.framework */; };
		3AD10B092D7F4BAD00EC9A07 /* norlysWidgetExtension.appex in Embed Foundation Extensions */ = {isa = PBXBuildFile; fileRef = 3AD10AF62D7F4BAB00EC9A07 /* norlysWidgetExtension.appex */; settings = {ATTRIBUTES = (RemoveHeadersOnCopy, ); }; };
/* End PBXBuildFile section */

/* Begin PBXContainerItemProxy section */
		3AD10B072D7F4BAD00EC9A07 /* PBXContainerItemProxy */ = {
			isa = PBXContainerItemProxy;
			containerPortal = 3AA31D6B2D79B2A70036D3D7 /* Project object */;
			proxyType = 1;
			remoteGlobalIDString = 3AD10AF52D7F4BAB00EC9A07;
			remoteInfo = norlysWidgetExtension;
		};
/* End PBXContainerItemProxy section */

/* Begin PBXCopyFilesBuildPhase section */
		3AD10AD12D7F482B00EC9A07 /* Embed Foundation Extensions */ = {
			isa = PBXCopyFilesBuildPhase;
			buildActionMask = 2147483647;
			dstPath = "";
			dstSubfolderSpec = 13;
			files = (
				3AD10B092D7F4BAD00EC9A07 /* norlysWidgetExtension.appex in Embed Foundation Extensions */,
			);
			name = "Embed Foundation Extensions";
			runOnlyForDeploymentPostprocessing = 0;
		};
/* End PBXCopyFilesBuildPhase section */

/* Begin PBXFileReference section */
		3AA31D732D79B2A70036D3D7 /* norlys.app */ = {isa = PBXFileReference; explicitFileType = wrapper.application; includeInIndex = 0; path = norlys.app; sourceTree = BUILT_PRODUCTS_DIR; };
		3AA31DB52D79B3DA0036D3D7 /* README.md */ = {isa = PBXFileReference; lastKnownFileType = net.daringfireball.markdown; path = README.md; sourceTree = "<group>"; };
		3AA31DB62D79B3DB0036D3D8 /* console-bridge.js */ = {isa = PBXFileReference; lastKnownFileType = sourcecode.javascript; name = "console-bridge.js"; path = "norlys/Resources/console-bridge.js"; sourceTree = SOURCE_ROOT; };
		3AA31DB72D79B3DC0036D3D9 /* geolocation-bridge.js */ = {isa = PBXFileReference; lastKnownFileType = sourcecode.javascript; name = "geolocation-bridge.js"; path = "norlys/Resources/geolocation-bridge.js"; sourceTree = SOURCE_ROOT; };
		3AD10ABC2D7F482A00EC9A07 /* WidgetKit.framework */ = {isa = PBXFileReference; lastKnownFileType = wrapper.framework; name = WidgetKit.framework; path = System/Library/Frameworks/WidgetKit.framework; sourceTree = SDKROOT; };
		3AD10ABE2D7F482A00EC9A07 /* SwiftUI.framework */ = {isa = PBXFileReference; lastKnownFileType = wrapper.framework; name = SwiftUI.framework; path = System/Library/Frameworks/SwiftUI.framework; sourceTree = SDKROOT; };
		3AD10AF62D7F4BAB00EC9A07 /* norlysWidgetExtension.appex */ = {isa = PBXFileReference; explicitFileType = "wrapper.app-extension"; includeInIndex = 0; path = norlysWidgetExtension.appex; sourceTree = BUILT_PRODUCTS_DIR; };
/* End PBXFileReference section */

/* Begin PBXFileSystemSynchronizedBuildFileExceptionSet section */
		3A62CCD32D79CDE800A23F24 /* Exceptions for "norlys" folder in "norlys" target */ = {
			isa = PBXFileSystemSynchronizedBuildFileExceptionSet;
			membershipExceptions = (
				Info.plist,
			);
			target = 3AA31D722D79B2A70036D3D7 /* norlys */;
		};
		3AD10B0D2D7F4BAD00EC9A07 /* Exceptions for "norlysWidget" folder in "norlysWidgetExtension" target */ = {
			isa = PBXFileSystemSynchronizedBuildFileExceptionSet;
			membershipExceptions = (
				Info.plist,
			);
			target = 3AD10AF52D7F4BAB00EC9A07 /* norlysWidgetExtension */;
		};
/* End PBXFileSystemSynchronizedBuildFileExceptionSet section */

/* Begin PBXFileSystemSynchronizedRootGroup section */
		3AA31D752D79B2A70036D3D7 /* norlys */ = {
			isa = PBXFileSystemSynchronizedRootGroup;
			exceptions = (
				3A62CCD32D79CDE800A23F24 /* Exceptions for "norlys" folder in "norlys" target */,
			);
			path = norlys;
			sourceTree = "<group>";
		};
		3AD10AF92D7F4BAB00EC9A07 /* norlysWidget */ = {
			isa = PBXFileSystemSynchronizedRootGroup;
			exceptions = (
				3AD10B0D2D7F4BAD00EC9A07 /* Exceptions for "norlysWidget" folder in "norlysWidgetExtension" target */,
			);
			path = norlysWidget;
			sourceTree = "<group>";
		};
/* End PBXFileSystemSynchronizedRootGroup section */

/* Begin PBXFrameworksBuildPhase section */
		3AA31D702D79B2A70036D3D7 /* Frameworks */ = {
			isa = PBXFrameworksBuildPhase;
			buildActionMask = 2147483647;
			files = (
			);
			runOnlyForDeploymentPostprocessing = 0;
		};
		3AD10AF32D7F4BAB00EC9A07 /* Frameworks */ = {
			isa = PBXFrameworksBuildPhase;
			buildActionMask = 2147483647;
			files = (
				3AD10AF82D7F4BAB00EC9A07 /* SwiftUI.framework in Frameworks */,
				3AD10AF72D7F4BAB00EC9A07 /* WidgetKit.framework in Frameworks */,
				3AB5A0E42E65F7920050ED63 /* SwiftProtobuf in Frameworks */,
			);
			runOnlyForDeploymentPostprocessing = 0;
		};
/* End PBXFrameworksBuildPhase section */

/* Begin PBXGroup section */
		3A06A2AA2D7D93F600B6FC11 /* Recovered References */ = {
			isa = PBXGroup;
			children = (
				3AA31DB62D79B3DB0036D3D8 /* console-bridge.js */,
				3AA31DB72D79B3DC0036D3D9 /* geolocation-bridge.js */,
			);
			name = "Recovered References";
			sourceTree = "<group>";
		};
		3AA31D6A2D79B2A70036D3D7 = {
			isa = PBXGroup;
			children = (
				3AA31DB52D79B3DA0036D3D7 /* README.md */,
				3AA31D752D79B2A70036D3D7 /* norlys */,
				3AD10AF92D7F4BAB00EC9A07 /* norlysWidget */,
				3AD10ABB2D7F482A00EC9A07 /* Frameworks */,
				3AA31D742D79B2A70036D3D7 /* Products */,
				3A06A2AA2D7D93F600B6FC11 /* Recovered References */,
			);
			sourceTree = "<group>";
		};
		3AA31D742D79B2A70036D3D7 /* Products */ = {
			isa = PBXGroup;
			children = (
				3AA31D732D79B2A70036D3D7 /* norlys.app */,
				3AD10AF62D7F4BAB00EC9A07 /* norlysWidgetExtension.appex */,
			);
			name = Products;
			sourceTree = "<group>";
		};
		3AD10ABB2D7F482A00EC9A07 /* Frameworks */ = {
			isa = PBXGroup;
			children = (
				3AD10ABC2D7F482A00EC9A07 /* WidgetKit.framework */,
				3AD10ABE2D7F482A00EC9A07 /* SwiftUI.framework */,
			);
			name = Frameworks;
			sourceTree = "<group>";
		};
/* End PBXGroup section */

/* Begin PBXNativeTarget section */
		3AA31D722D79B2A70036D3D7 /* norlys */ = {
			isa = PBXNativeTarget;
			buildConfigurationList = 3AA31D972D79B2A80036D3D7 /* Build configuration list for PBXNativeTarget "norlys" */;
			buildPhases = (
				3AA31D6F2D79B2A70036D3D7 /* Sources */,
				3AA31D702D79B2A70036D3D7 /* Frameworks */,
				3AA31D712D79B2A70036D3D7 /* Resources */,
				3AD10AD12D7F482B00EC9A07 /* Embed Foundation Extensions */,
			);
			buildRules = (
			);
			dependencies = (
				3AD10B082D7F4BAD00EC9A07 /* PBXTargetDependency */,
			);
			fileSystemSynchronizedGroups = (
				3AA31D752D79B2A70036D3D7 /* norlys */,
			);
			name = norlys;
			packageProductDependencies = (
			);
			productName = norlys;
			productReference = 3AA31D732D79B2A70036D3D7 /* norlys.app */;
			productType = "com.apple.product-type.application";
		};
		3AD10AF52D7F4BAB00EC9A07 /* norlysWidgetExtension */ = {
			isa = PBXNativeTarget;
			buildConfigurationList = 3AD10B0A2D7F4BAD00EC9A07 /* Build configuration list for PBXNativeTarget "norlysWidgetExtension" */;
			buildPhases = (
				3AD10AF22D7F4BAB00EC9A07 /* Sources */,
				3AD10AF32D7F4BAB00EC9A07 /* Frameworks */,
				3AD10AF42D7F4BAB00EC9A07 /* Resources */,
			);
			buildRules = (
			);
			dependencies = (
			);
			fileSystemSynchronizedGroups = (
				3AD10AF92D7F4BAB00EC9A07 /* norlysWidget */,
			);
			name = norlysWidgetExtension;
			packageProductDependencies = (
				3AB5A0E32E65F7920050ED63 /* SwiftProtobuf */,
			);
			productName = norlysWidgetExtension;
			productReference = 3AD10AF62D7F4BAB00EC9A07 /* norlysWidgetExtension.appex */;
			productType = "com.apple.product-type.app-extension";
		};
/* End PBXNativeTarget section */

/* Begin PBXProject section */
		3AA31D6B2D79B2A70036D3D7 /* Project object */ = {
			isa = PBXProject;
			attributes = {
				BuildIndependentTargetsInParallel = 1;
				LastSwiftUpdateCheck = 1620;
				LastUpgradeCheck = 1620;
				TargetAttributes = {
					3AA31D722D79B2A70036D3D7 = {
						CreatedOnToolsVersion = 16.2;
					};
					3AD10AF52D7F4BAB00EC9A07 = {
						CreatedOnToolsVersion = 16.2;
					};
				};
			};
			buildConfigurationList = 3AA31D6E2D79B2A70036D3D7 /* Build configuration list for PBXProject "norlys" */;
			developmentRegion = en;
			hasScannedForEncodings = 0;
			knownRegions = (
				en,
				Base,
			);
			mainGroup = 3AA31D6A2D79B2A70036D3D7;
			minimizedProjectReferenceProxies = 1;
			packageReferences = (
				3AB5A0E22E65F7920050ED63 /* XCRemoteSwiftPackageReference "swift-protobuf" */,
			);
			preferredProjectObjectVersion = 77;
			productRefGroup = 3AA31D742D79B2A70036D3D7 /* Products */;
			projectDirPath = "";
			projectRoot = "";
			targets = (
				3AA31D722D79B2A70036D3D7 /* norlys */,
				3AD10AF52D7F4BAB00EC9A07 /* norlysWidgetExtension */,
			);
		};
/* End PBXProject section */

/* Begin PBXResourcesBuildPhase section */
		3AA31D712D79B2A70036D3D7 /* Resources */ = {
			isa = PBXResourcesBuildPhase;
			buildActionMask = 2147483647;
			files = (
				3AA31DB62D79B3DC0036D3D7 /* README.md in Resources */,
				3AA31DB72D79B3DD0036D3D8 /* console-bridge.js in Resources */,
				3AA31DB82D79B3DE0036D3D9 /* geolocation-bridge.js in Resources */,
			);
			runOnlyForDeploymentPostprocessing = 0;
		};
		3AD10AF42D7F4BAB00EC9A07 /* Resources */ = {
			isa = PBXResourcesBuildPhase;
			buildActionMask = 2147483647;
			files = (
			);
			runOnlyForDeploymentPostprocessing = 0;
		};
/* End PBXResourcesBuildPhase section */

/* Begin PBXSourcesBuildPhase section */
		3AA31D6F2D79B2A70036D3D7 /* Sources */ = {
			isa = PBXSourcesBuildPhase;
			buildActionMask = 2147483647;
			files = (
			);
			runOnlyForDeploymentPostprocessing = 0;
		};
		3AD10AF22D7F4BAB00EC9A07 /* Sources */ = {
			isa = PBXSourcesBuildPhase;
			buildActionMask = 2147483647;
			files = (
			);
			runOnlyForDeploymentPostprocessing = 0;
		};
/* End PBXSourcesBuildPhase section */

/* Begin PBXTargetDependency section */
		3AD10B082D7F4BAD00EC9A07 /* PBXTargetDependency */ = {
			isa = PBXTargetDependency;
			target = 3AD10AF52D7F4BAB00EC9A07 /* norlysWidgetExtension */;
			targetProxy = 3AD10B072D7F4BAD00EC9A07 /* PBXContainerItemProxy */;
		};
/* End PBXTargetDependency section */

/* Begin XCBuildConfiguration section */
		3AA31D952D79B2A80036D3D7 /* Debug */ = {
			isa = XCBuildConfiguration;
			buildSettings = {
				ALWAYS_SEARCH_USER_PATHS = NO;
				ASSETCATALOG_COMPILER_GENERATE_SWIFT_ASSET_SYMBOL_EXTENSIONS = YES;
				CLANG_ANALYZER_NONNULL = YES;
				CLANG_ANALYZER_NUMBER_OBJECT_CONVERSION = YES_AGGRESSIVE;
				CLANG_CXX_LANGUAGE_STANDARD = "gnu++20";
				CLANG_ENABLE_MODULES = YES;
				CLANG_ENABLE_OBJC_ARC = YES;
				CLANG_ENABLE_OBJC_WEAK = YES;
				CLANG_WARN_BLOCK_CAPTURE_AUTORELEASING = YES;
				CLANG_WARN_BOOL_CONVERSION = YES;
				CLANG_WARN_COMMA = YES;
				CLANG_WARN_CONSTANT_CONVERSION = YES;
				CLANG_WARN_DEPRECATED_OBJC_IMPLEMENTATIONS = YES;
				CLANG_WARN_DIRECT_OBJC_ISA_USAGE = YES_ERROR;
				CLANG_WARN_DOCUMENTATION_COMMENTS = YES;
				CLANG_WARN_EMPTY_BODY = YES;
				CLANG_WARN_ENUM_CONVERSION = YES;
				CLANG_WARN_INFINITE_RECURSION = YES;
				CLANG_WARN_INT_CONVERSION = YES;
				CLANG_WARN_NON_LITERAL_NULL_CONVERSION = YES;
				CLANG_WARN_OBJC_IMPLICIT_RETAIN_SELF = YES;
				CLANG_WARN_OBJC_LITERAL_CONVERSION = YES;
				CLANG_WARN_OBJC_ROOT_CLASS = YES_ERROR;
				CLANG_WARN_QUOTED_INCLUDE_IN_FRAMEWORK_HEADER = YES;
				CLANG_WARN_RANGE_LOOP_ANALYSIS = YES;
				CLANG_WARN_STRICT_PROTOTYPES = YES;
				CLANG_WARN_SUSPICIOUS_MOVE = YES;
				CLANG_WARN_UNGUARDED_AVAILABILITY = YES_AGGRESSIVE;
				CLANG_WARN_UNREACHABLE_CODE = YES;
				CLANG_WARN__DUPLICATE_METHOD_MATCH = YES;
				COPY_PHASE_STRIP = NO;
				DEBUG_INFORMATION_FORMAT = dwarf;
				ENABLE_STRICT_OBJC_MSGSEND = YES;
				ENABLE_TESTABILITY = YES;
				ENABLE_USER_SCRIPT_SANDBOXING = YES;
				GCC_C_LANGUAGE_STANDARD = gnu17;
				GCC_DYNAMIC_NO_PIC = NO;
				GCC_NO_COMMON_BLOCKS = YES;
				GCC_OPTIMIZATION_LEVEL = 0;
				GCC_PREPROCESSOR_DEFINITIONS = (
					"DEBUG=1",
					"$(inherited)",
				);
				GCC_WARN_64_TO_32_BIT_CONVERSION = YES;
				GCC_WARN_ABOUT_RETURN_TYPE = YES_ERROR;
				GCC_WARN_UNDECLARED_SELECTOR = YES;
				GCC_WARN_UNINITIALIZED_AUTOS = YES_AGGRESSIVE;
				GCC_WARN_UNUSED_FUNCTION = YES;
				GCC_WARN_UNUSED_VARIABLE = YES;
				IPHONEOS_DEPLOYMENT_TARGET = 18.2;
				LOCALIZATION_PREFERS_STRING_CATALOGS = YES;
				MTL_ENABLE_DEBUG_INFO = INCLUDE_SOURCE;
				MTL_FAST_MATH = YES;
				ONLY_ACTIVE_ARCH = YES;
				SDKROOT = iphoneos;
				SWIFT_ACTIVE_COMPILATION_CONDITIONS = "DEBUG $(inherited)";
				SWIFT_OPTIMIZATION_LEVEL = "-Onone";
			};
			name = Debug;
		};
		3AA31D962D79B2A80036D3D7 /* Release */ = {
			isa = XCBuildConfiguration;
			buildSettings = {
				ALWAYS_SEARCH_USER_PATHS = NO;
				ASSETCATALOG_COMPILER_GENERATE_SWIFT_ASSET_SYMBOL_EXTENSIONS = YES;
				CLANG_ANALYZER_NONNULL = YES;
				CLANG_ANALYZER_NUMBER_OBJECT_CONVERSION = YES_AGGRESSIVE;
				CLANG_CXX_LANGUAGE_STANDARD = "gnu++20";
				CLANG_ENABLE_MODULES = YES;
				CLANG_ENABLE_OBJC_ARC = YES;
				CLANG_ENABLE_OBJC_WEAK = YES;
				CLANG_WARN_BLOCK_CAPTURE_AUTORELEASING = YES;
				CLANG_WARN_BOOL_CONVERSION = YES;
				CLANG_WARN_COMMA = YES;
				CLANG_WARN_CONSTANT_CONVERSION = YES;
				CLANG_WARN_DEPRECATED_OBJC_IMPLEMENTATIONS = YES;
				CLANG_WARN_DIRECT_OBJC_ISA_USAGE = YES_ERROR;
				CLANG_WARN_DOCUMENTATION_COMMENTS = YES;
				CLANG_WARN_EMPTY_BODY = YES;
				CLANG_WARN_ENUM_CONVERSION = YES;
				CLANG_WARN_INFINITE_RECURSION = YES;
				CLANG_WARN_INT_CONVERSION = YES;
				CLANG_WARN_NON_LITERAL_NULL_CONVERSION = YES;
				CLANG_WARN_OBJC_IMPLICIT_RETAIN_SELF = YES;
				CLANG_WARN_OBJC_LITERAL_CONVERSION = YES;
				CLANG_WARN_OBJC_ROOT_CLASS = YES_ERROR;
				CLANG_WARN_QUOTED_INCLUDE_IN_FRAMEWORK_HEADER = YES;
				CLANG_WARN_RANGE_LOOP_ANALYSIS = YES;
				CLANG_WARN_STRICT_PROTOTYPES = YES;
				CLANG_WARN_SUSPICIOUS_MOVE = YES;
				CLANG_WARN_UNGUARDED_AVAILABILITY = YES_AGGRESSIVE;
				CLANG_WARN_UNREACHABLE_CODE = YES;
				CLANG_WARN__DUPLICATE_METHOD_MATCH = YES;
				COPY_PHASE_STRIP = NO;
				DEBUG_INFORMATION_FORMAT = "dwarf-with-dsym";
				ENABLE_NS_ASSERTIONS = NO;
				ENABLE_STRICT_OBJC_MSGSEND = YES;
				ENABLE_USER_SCRIPT_SANDBOXING = YES;
				GCC_C_LANGUAGE_STANDARD = gnu17;
				GCC_NO_COMMON_BLOCKS = YES;
				GCC_WARN_64_TO_32_BIT_CONVERSION = YES;
				GCC_WARN_ABOUT_RETURN_TYPE = YES_ERROR;
				GCC_WARN_UNDECLARED_SELECTOR = YES;
				GCC_WARN_UNINITIALIZED_AUTOS = YES_AGGRESSIVE;
				GCC_WARN_UNUSED_FUNCTION = YES;
				GCC_WARN_UNUSED_VARIABLE = YES;
				IPHONEOS_DEPLOYMENT_TARGET = 18.2;
				LOCALIZATION_PREFERS_STRING_CATALOGS = YES;
				MTL_ENABLE_DEBUG_INFO = NO;
				MTL_FAST_MATH = YES;
				SDKROOT = iphoneos;
				SWIFT_COMPILATION_MODE = wholemodule;
				VALIDATE_PRODUCT = YES;
			};
			name = Release;
		};
		3AA31D982D79B2A80036D3D7 /* Debug */ = {
			isa = XCBuildConfiguration;
			buildSettings = {
				ASSETCATALOG_COMPILER_APPICON_NAME = AppIcon;
				ASSETCATALOG_COMPILER_GLOBAL_ACCENT_COLOR_NAME = AccentColor;
				CODE_SIGN_ENTITLEMENTS = norlys/norlys.entitlements;
				CODE_SIGN_STYLE = Automatic;
				CURRENT_PROJECT_VERSION = 1;
				DEVELOPMENT_ASSET_PATHS = "\"norlys/Preview Content\"";
				DEVELOPMENT_TEAM = 82L3J9894R;
				ENABLE_PREVIEWS = YES;
				GENERATE_INFOPLIST_FILE = YES;
				INFOPLIST_FILE = norlys/Info.plist;
				INFOPLIST_KEY_CFBundleDisplayName = norlys;
				INFOPLIST_KEY_LSApplicationCategoryType = "public.app-category.utilities";
				INFOPLIST_KEY_NSLocationAlwaysAndWhenInUseUsageDescription = "This app needs access to location when open and in the background.";
				INFOPLIST_KEY_NSLocationWhenInUseUsageDescription = "This app needs access to location when open to provide location-based features.";
				INFOPLIST_KEY_UIApplicationSupportsIndirectInputEvents = YES;
				INFOPLIST_KEY_UILaunchScreen_Generation = YES;
				INFOPLIST_KEY_UILaunchStoryboardName = "Launch Screen.storyboard";
				INFOPLIST_KEY_UISupportedInterfaceOrientations_iPad = "UIInterfaceOrientationPortrait UIInterfaceOrientationPortraitUpsideDown";
				INFOPLIST_KEY_UISupportedInterfaceOrientations_iPhone = UIInterfaceOrientationPortrait;
				LD_RUNPATH_SEARCH_PATHS = (
					"$(inherited)",
					"@executable_path/Frameworks",
				);
				MARKETING_VERSION = 25.9.24;
				PRODUCT_BUNDLE_IDENTIFIER = live.norlys.norlys;
				PRODUCT_NAME = "$(TARGET_NAME)";
				SUPPORTED_PLATFORMS = "iphoneos iphonesimulator";
				SUPPORTS_MACCATALYST = NO;
				SWIFT_EMIT_LOC_STRINGS = YES;
				SWIFT_VERSION = 5.0;
				TARGETED_DEVICE_FAMILY = 1;
			};
			name = Debug;
		};
		3AA31D992D79B2A80036D3D7 /* Release */ = {
			isa = XCBuildConfiguration;
			buildSettings = {
				ASSETCATALOG_COMPILER_APPICON_NAME = AppIcon;
				ASSETCATALOG_COMPILER_GLOBAL_ACCENT_COLOR_NAME = AccentColor;
				CODE_SIGN_ENTITLEMENTS = norlys/norlys.entitlements;
				CODE_SIGN_STYLE = Automatic;
				CURRENT_PROJECT_VERSION = 1;
				DEVELOPMENT_ASSET_PATHS = "\"norlys/Preview Content\"";
				DEVELOPMENT_TEAM = 82L3J9894R;
				ENABLE_PREVIEWS = YES;
				GENERATE_INFOPLIST_FILE = YES;
				INFOPLIST_FILE = norlys/Info.plist;
				INFOPLIST_KEY_CFBundleDisplayName = norlys;
				INFOPLIST_KEY_LSApplicationCategoryType = "public.app-category.utilities";
				INFOPLIST_KEY_NSLocationAlwaysAndWhenInUseUsageDescription = "This app needs access to location when open and in the background.";
				INFOPLIST_KEY_NSLocationWhenInUseUsageDescription = "This app needs access to location when open to provide location-based features.";
				INFOPLIST_KEY_UIApplicationSupportsIndirectInputEvents = YES;
				INFOPLIST_KEY_UILaunchScreen_Generation = YES;
				INFOPLIST_KEY_UILaunchStoryboardName = "Launch Screen.storyboard";
				INFOPLIST_KEY_UISupportedInterfaceOrientations_iPad = "UIInterfaceOrientationPortrait UIInterfaceOrientationPortraitUpsideDown";
				INFOPLIST_KEY_UISupportedInterfaceOrientations_iPhone = UIInterfaceOrientationPortrait;
				LD_RUNPATH_SEARCH_PATHS = (
					"$(inherited)",
					"@executable_path/Frameworks",
				);
				MARKETING_VERSION = 25.9.24;
				PRODUCT_BUNDLE_IDENTIFIER = live.norlys.norlys;
				PRODUCT_NAME = "$(TARGET_NAME)";
				SUPPORTED_PLATFORMS = "iphoneos iphonesimulator";
				SUPPORTS_MACCATALYST = NO;
				SWIFT_EMIT_LOC_STRINGS = YES;
				SWIFT_VERSION = 5.0;
				TARGETED_DEVICE_FAMILY = 1;
			};
			name = Release;
		};
		3AD10B0B2D7F4BAD00EC9A07 /* Debug */ = {
			isa = XCBuildConfiguration;
			buildSettings = {
				ASSETCATALOG_COMPILER_GLOBAL_ACCENT_COLOR_NAME = AccentColor;
				ASSETCATALOG_COMPILER_WIDGET_BACKGROUND_COLOR_NAME = WidgetBackground;
				CODE_SIGN_STYLE = Automatic;
				CURRENT_PROJECT_VERSION = 1;
				DEVELOPMENT_TEAM = 82L3J9894R;
				GENERATE_INFOPLIST_FILE = YES;
				INFOPLIST_FILE = norlysWidget/Info.plist;
				INFOPLIST_KEY_CFBundleDisplayName = norlysWidget;
				INFOPLIST_KEY_NSHumanReadableCopyright = "";
				LD_RUNPATH_SEARCH_PATHS = (
					"$(inherited)",
					"@executable_path/Frameworks",
					"@executable_path/../../Frameworks",
				);
				MARKETING_VERSION = 1.0;
				PRODUCT_BUNDLE_IDENTIFIER = live.norlys.norlys.norlysWidget;
				PRODUCT_NAME = "$(TARGET_NAME)";
				SKIP_INSTALL = YES;
				SWIFT_EMIT_LOC_STRINGS = YES;
				SWIFT_VERSION = 5.0;
				TARGETED_DEVICE_FAMILY = "1,2";
			};
			name = Debug;
		};
		3AD10B0C2D7F4BAD00EC9A07 /* Release */ = {
			isa = XCBuildConfiguration;
			buildSettings = {
				ASSETCATALOG_COMPILER_GLOBAL_ACCENT_COLOR_NAME = AccentColor;
				ASSETCATALOG_COMPILER_WIDGET_BACKGROUND_COLOR_NAME = WidgetBackground;
				CODE_SIGN_STYLE = Automatic;
				CURRENT_PROJECT_VERSION = 1;
				DEVELOPMENT_TEAM = 82L3J9894R;
				GENERATE_INFOPLIST_FILE = YES;
				INFOPLIST_FILE = norlysWidget/Info.plist;
				INFOPLIST_KEY_CFBundleDisplayName = norlysWidget;
				INFOPLIST_KEY_NSHumanReadableCopyright = "";
				LD_RUNPATH_SEARCH_PATHS = (
					"$(inherited)",
					"@executable_path/Frameworks",
					"@executable_path/../../Frameworks",
				);
				MARKETING_VERSION = 1.0;
				PRODUCT_BUNDLE_IDENTIFIER = live.norlys.norlys.norlysWidget;
				PRODUCT_NAME = "$(TARGET_NAME)";
				SKIP_INSTALL = YES;
				SWIFT_EMIT_LOC_STRINGS = YES;
				SWIFT_VERSION = 5.0;
				TARGETED_DEVICE_FAMILY = "1,2";
			};
			name = Release;
		};
/* End XCBuildConfiguration section */

/* Begin XCConfigurationList section */
		3AA31D6E2D79B2A70036D3D7 /* Build configuration list for PBXProject "norlys" */ = {
			isa = XCConfigurationList;
			buildConfigurations = (
				3AA31D952D79B2A80036D3D7 /* Debug */,
				3AA31D962D79B2A80036D3D7 /* Release */,
			);
			defaultConfigurationIsVisible = 0;
			defaultConfigurationName = Release;
		};
		3AA31D972D79B2A80036D3D7 /* Build configuration list for PBXNativeTarget "norlys" */ = {
			isa = XCConfigurationList;
			buildConfigurations = (
				3AA31D982D79B2A80036D3D7 /* Debug */,
				3AA31D992D79B2A80036D3D7 /* Release */,
			);
			defaultConfigurationIsVisible = 0;
			defaultConfigurationName = Release;
		};
		3AD10B0A2D7F4BAD00EC9A07 /* Build configuration list for PBXNativeTarget "norlysWidgetExtension" */ = {
			isa = XCConfigurationList;
			buildConfigurations = (
				3AD10B0B2D7F4BAD00EC9A07 /* Debug */,
				3AD10B0C2D7F4BAD00EC9A07 /* Release */,
			);
			defaultConfigurationIsVisible = 0;
			defaultConfigurationName = Release;
		};
/* End XCConfigurationList section */

/* Begin XCRemoteSwiftPackageReference section */
		3AB5A0E22E65F7920050ED63 /* XCRemoteSwiftPackageReference "swift-protobuf" */ = {
			isa = XCRemoteSwiftPackageReference;
			repositoryURL = "https://github.com/apple/swift-protobuf.git";
			requirement = {
				kind = upToNextMajorVersion;
				minimumVersion = 1.31.0;
			};
		};
/* End XCRemoteSwiftPackageReference section */

/* Begin XCSwiftPackageProductDependency section */
		3AB5A0E32E65F7920050ED63 /* SwiftProtobuf */ = {
			isa = XCSwiftPackageProductDependency;
			package = 3AB5A0E22E65F7920050ED63 /* XCRemoteSwiftPackageReference "swift-protobuf" */;
			productName = SwiftProtobuf;
		};
/* End XCSwiftPackageProductDependency section */
	};
	rootObject = 3AA31D6B2D79B2A70036D3D7 /* Project object */;
}
